
Microsoft Visual Studio Solution File, Format Version 12.00
# Visual Studio Version 17
VisualStudioVersion = 17.11.35222.181
MinimumVisualStudioVersion = 10.0.40219.1
Project("{9A19103F-16F7-4668-BE54-9A1E7A4F7556}") = "StudioStudio_Server", "StudioStudio_Server\StudioStudio_Server.csproj", "{5307E3E4-2510-42C8-8A24-D8FA549D93F6}"
EndProject
Project("{9A19103F-16F7-4668-BE54-9A1E7A4F7556}") = "StudyStudio_TestServer", "StudyStudio_TestServer\StudyStudio_TestServer.csproj", "{0B5F1200-98BB-472D-AE74-D452818B0577}"
EndProject
Global
	GlobalSection(SolutionConfigurationPlatforms) = preSolution
		Debug|Any CPU = Debug|Any CPU
		Release|Any CPU = Release|Any CPU
	EndGlobalSection
	GlobalSection(ProjectConfigurationPlatforms) = postSolution
		{5307E3E4-2510-42C8-8A24-D8FA549D93F6}.Debug|Any CPU.ActiveCfg = Debug|Any CPU
		{5307E3E4-2510-42C8-8A24-D8FA549D93F6}.Debug|Any CPU.Build.0 = Debug|Any CPU
		{5307E3E4-2510-42C8-8A24-D8FA549D93F6}.Release|Any CPU.ActiveCfg = Release|Any CPU
		{5307E3E4-2510-42C8-8A24-D8FA549D93F6}.Release|Any CPU.Build.0 = Release|Any CPU
		{0B5F1200-98BB-472D-AE74-D452818B0577}.Debug|Any CPU.ActiveCfg = Debug|Any CPU
		{0B5F1200-98BB-472D-AE74-D452818B0577}.Debug|Any CPU.Build.0 = Debug|Any CPU
		{0B5F1200-98BB-472D-AE74-D452818B0577}.Release|Any CPU.ActiveCfg = Release|Any CPU
		{0B5F1200-98BB-472D-AE74-D452818B0577}.Release|Any CPU.Build.0 = Release|Any CPU
	EndGlobalSection
	GlobalSection(SolutionProperties) = preSolution
		HideSolutionNode = FALSE
	EndGlobalSection
	GlobalSection(ExtensibilityGlobals) = postSolution
		SolutionGuid = {604DFBCC-DB89-47AB-94A1-B0365276B599}
	EndGlobalSection
EndGlobal
